
Microsoft Visual Studio Solution File, Format Version 12.00
# Visual Studio Version 17
VisualStudioVersion = 17.4.33122.133
MinimumVisualStudioVersion = 10.0.40219.1
Project("{FAE04EC0-301F-11D3-BF4B-00C04F79EFBC}") = "webapp", "webapp\webapp.csproj", "{708FEFB1-3A76-42EE-85BA-9CDE30E537CB}"
EndProject
Global
	GlobalSection(SolutionConfigurationPlatforms) = preSolution
		Debug|Any CPU = Debug|Any CPU
		Release|Any CPU = Release|Any CPU
	EndGlobalSection
	GlobalSection(ProjectConfigurationPlatforms) = postSolution
		{708FEFB1-3A76-42EE-85BA-9CDE30E537CB}.Debug|Any CPU.ActiveCfg = Debug|Any CPU
		{708FEFB1-3A76-42EE-85BA-9CDE30E537CB}.Debug|Any CPU.Build.0 = Debug|Any CPU
		{708FEFB1-3A76-42EE-85BA-9CDE30E537CB}.Release|Any CPU.ActiveCfg = Release|Any CPU
		{708FEFB1-3A76-42EE-85BA-9CDE30E537CB}.Release|Any CPU.Build.0 = Release|Any CPU
	EndGlobalSection
	GlobalSection(SolutionProperties) = preSolution
		HideSolutionNode = FALSE
	EndGlobalSection
	GlobalSection(ExtensibilityGlobals) = postSolution
		SolutionGuid = {E3188745-4A02-42A6-BF6B-113D91BE654C}
	EndGlobalSection
EndGlobal
